// !$*UTF8*$!
{
	archiveVersion = 1;
	classes = {
	};
	objectVersion = 50;
	objects = {

/* Begin PBXBuildFile section */
		7A18987C225AE5FB00A72AFF /* AppDelegate.swift in Sources */ = {isa = PBXBuildFile; fileRef = 7A18987B225AE5FB00A72AFF /* AppDelegate.swift */; };
		7A18987E225AE5FB00A72AFF /* ViewController.swift in Sources */ = {isa = PBXBuildFile; fileRef = 7A18987D225AE5FB00A72AFF /* ViewController.swift */; };
		7A189881225AE5FB00A72AFF /* Main.storyboard in Resources */ = {isa = PBXBuildFile; fileRef = 7A18987F225AE5FB00A72AFF /* Main.storyboard */; };
		7A189883225AE5FE00A72AFF /* Assets.xcassets in Resources */ = {isa = PBXBuildFile; fileRef = 7A189882225AE5FE00A72AFF /* Assets.xcassets */; };
		7A189886225AE5FE00A72AFF /* LaunchScreen.storyboard in Resources */ = {isa = PBXBuildFile; fileRef = 7A189884225AE5FE00A72AFF /* LaunchScreen.storyboard */; };
		7A18988F225AE85700A72AFF /* AudioRecorderController.swift in Sources */ = {isa = PBXBuildFile; fileRef = 7A18988E225AE85700A72AFF /* AudioRecorderController.swift */; };
		7A189892225AED3700A72AFF /* YTSandboxPath.swift in Sources */ = {isa = PBXBuildFile; fileRef = 7A189891225AED3700A72AFF /* YTSandboxPath.swift */; };
		7A189894225AEE1A00A72AFF /* AudioRecorder.swift in Sources */ = {isa = PBXBuildFile; fileRef = 7A189893225AEE1A00A72AFF /* AudioRecorder.swift */; };
		7A189898225AF3CF00A72AFF /* libmp3lame.a in Frameworks */ = {isa = PBXBuildFile; fileRef = 7A189896225AF3CE00A72AFF /* libmp3lame.a */; };
		7A18989A225AF45700A72AFF /* LameTool.swift in Sources */ = {isa = PBXBuildFile; fileRef = 7A189899225AF45700A72AFF /* LameTool.swift */; };
		7A18989D225B1E1E00A72AFF /* AudioPlayer.swift in Sources */ = {isa = PBXBuildFile; fileRef = 7A18989C225B1E1E00A72AFF /* AudioPlayer.swift */; };
		7A1898A4225B354700A72AFF /* SSAVPlayer.swift in Sources */ = {isa = PBXBuildFile; fileRef = 7A1898A3225B354700A72AFF /* SSAVPlayer.swift */; };
		7A1898A6225B355400A72AFF /* SSAVPlayerItem.swift in Sources */ = {isa = PBXBuildFile; fileRef = 7A1898A5225B355400A72AFF /* SSAVPlayerItem.swift */; };
		7A1898A8225B356400A72AFF /* SSAVPlayerControl.swift in Sources */ = {isa = PBXBuildFile; fileRef = 7A1898A7225B356400A72AFF /* SSAVPlayerControl.swift */; };
		7A1898AA225B357000A72AFF /* SSAVPlayerControlView.swift in Sources */ = {isa = PBXBuildFile; fileRef = 7A1898A9225B357000A72AFF /* SSAVPlayerControlView.swift */; };
		7A1898AD225D9D6B00A72AFF /* AVPlayerViewController.swift in Sources */ = {isa = PBXBuildFile; fileRef = 7A1898AC225D9D6B00A72AFF /* AVPlayerViewController.swift */; };
		7A1898B32260256F00A72AFF /* AVFoundation.framework in Frameworks */ = {isa = PBXBuildFile; fileRef = 7A1898B22260256F00A72AFF /* AVFoundation.framework */; };
/* End PBXBuildFile section */

/* Begin PBXFileReference section */
		7A189878225AE5FB00A72AFF /* AVFoundation_Demo.app */ = {isa = PBXFileReference; explicitFileType = wrapper.application; includeInIndex = 0; path = AVFoundation_Demo.app; sourceTree = BUILT_PRODUCTS_DIR; };
		7A18987B225AE5FB00A72AFF /* AppDelegate.swift */ = {isa = PBXFileReference; lastKnownFileType = sourcecode.swift; path = AppDelegate.swift; sourceTree = "<group>"; };
		7A18987D225AE5FB00A72AFF /* ViewController.swift */ = {isa = PBXFileReference; lastKnownFileType = sourcecode.swift; path = ViewController.swift; sourceTree = "<group>"; };
		7A189880225AE5FB00A72AFF /* Base */ = {isa = PBXFileReference; lastKnownFileType = file.storyboard; name = Base; path = Base.lproj/Main.storyboard; sourceTree = "<group>"; };
		7A189882225AE5FE00A72AFF /* Assets.xcassets */ = {isa = PBXFileReference; lastKnownFileType = folder.assetcatalog; path = Assets.xcassets; sourceTree = "<group>"; };
		7A189885225AE5FE00A72AFF /* Base */ = {isa = PBXFileReference; lastKnownFileType = file.storyboard; name = Base; path = Base.lproj/LaunchScreen.storyboard; sourceTree = "<group>"; };
		7A189887225AE5FE00A72AFF /* Info.plist */ = {isa = PBXFileReference; lastKnownFileType = text.plist.xml; path = Info.plist; sourceTree = "<group>"; };
		7A18988E225AE85700A72AFF /* AudioRecorderController.swift */ = {isa = PBXFileReference; lastKnownFileType = sourcecode.swift; path = AudioRecorderController.swift; sourceTree = "<group>"; };
		7A189891225AED3700A72AFF /* YTSandboxPath.swift */ = {isa = PBXFileReference; fileEncoding = 4; lastKnownFileType = sourcecode.swift; path = YTSandboxPath.swift; sourceTree = "<group>"; };
		7A189893225AEE1A00A72AFF /* AudioRecorder.swift */ = {isa = PBXFileReference; lastKnownFileType = sourcecode.swift; path = AudioRecorder.swift; sourceTree = "<group>"; };
		7A189896225AF3CE00A72AFF /* libmp3lame.a */ = {isa = PBXFileReference; lastKnownFileType = archive.ar; path = libmp3lame.a; sourceTree = "<group>"; };
		7A189897225AF3CE00A72AFF /* lame.h */ = {isa = PBXFileReference; fileEncoding = 4; lastKnownFileType = sourcecode.c.h; path = lame.h; sourceTree = "<group>"; };
		7A189899225AF45700A72AFF /* LameTool.swift */ = {isa = PBXFileReference; lastKnownFileType = sourcecode.swift; path = LameTool.swift; sourceTree = "<group>"; };
		7A18989C225B1E1E00A72AFF /* AudioPlayer.swift */ = {isa = PBXFileReference; lastKnownFileType = sourcecode.swift; path = AudioPlayer.swift; sourceTree = "<group>"; };
		7A1898A3225B354700A72AFF /* SSAVPlayer.swift */ = {isa = PBXFileReference; lastKnownFileType = sourcecode.swift; path = SSAVPlayer.swift; sourceTree = "<group>"; };
		7A1898A5225B355400A72AFF /* SSAVPlayerItem.swift */ = {isa = PBXFileReference; lastKnownFileType = sourcecode.swift; path = SSAVPlayerItem.swift; sourceTree = "<group>"; };
		7A1898A7225B356400A72AFF /* SSAVPlayerControl.swift */ = {isa = PBXFileReference; lastKnownFileType = sourcecode.swift; path = SSAVPlayerControl.swift; sourceTree = "<group>"; };
		7A1898A9225B357000A72AFF /* SSAVPlayerControlView.swift */ = {isa = PBXFileReference; lastKnownFileType = sourcecode.swift; path = SSAVPlayerControlView.swift; sourceTree = "<group>"; };
		7A1898AC225D9D6B00A72AFF /* AVPlayerViewController.swift */ = {isa = PBXFileReference; lastKnownFileType = sourcecode.swift; path = AVPlayerViewController.swift; sourceTree = "<group>"; };
		7A1898B0225DA16400A72AFF /* 101.mp4 */ = {isa = PBXFileReference; lastKnownFileType = file; path = 101.mp4; sourceTree = "<group>"; };
		7A1898B22260256F00A72AFF /* AVFoundation.framework */ = {isa = PBXFileReference; lastKnownFileType = wrapper.framework; name = AVFoundation.framework; path = System/Library/Frameworks/AVFoundation.framework; sourceTree = SDKROOT; };
/* End PBXFileReference section */

/* Begin PBXFrameworksBuildPhase section */
		7A189875225AE5FB00A72AFF /* Frameworks */ = {
			isa = PBXFrameworksBuildPhase;
			buildActionMask = 2147483647;
			files = (
				7A1898B32260256F00A72AFF /* AVFoundation.framework in Frameworks */,
				7A189898225AF3CF00A72AFF /* libmp3lame.a in Frameworks */,
			);
			runOnlyForDeploymentPostprocessing = 0;
		};
/* End PBXFrameworksBuildPhase section */

/* Begin PBXGroup section */
		7A18986F225AE5FB00A72AFF = {
			isa = PBXGroup;
			children = (
				7A18987A225AE5FB00A72AFF /* AVFoundation_Demo */,
				7A189879225AE5FB00A72AFF /* Products */,
				7A1898B12260256F00A72AFF /* Frameworks */,
			);
			sourceTree = "<group>";
		};
		7A189879225AE5FB00A72AFF /* Products */ = {
			isa = PBXGroup;
			children = (
				7A189878225AE5FB00A72AFF /* AVFoundation_Demo.app */,
			);
			name = Products;
			sourceTree = "<group>";
		};
		7A18987A225AE5FB00A72AFF /* AVFoundation_Demo */ = {
			isa = PBXGroup;
			children = (
				7A18989E225B34AB00A72AFF /* AVPlayer */,
				7A18989B225AFCED00A72AFF /* AVAudioPlayer */,
				7A18988D225AE64400A72AFF /* AVAudioRecorder */,
				7A18987B225AE5FB00A72AFF /* AppDelegate.swift */,
				7A18987D225AE5FB00A72AFF /* ViewController.swift */,
				7A189890225AED3700A72AFF /* YTSandbox */,
				7A18987F225AE5FB00A72AFF /* Main.storyboard */,
				7A189882225AE5FE00A72AFF /* Assets.xcassets */,
				7A189884225AE5FE00A72AFF /* LaunchScreen.storyboard */,
				7A189887225AE5FE00A72AFF /* Info.plist */,
			);
			path = AVFoundation_Demo;
			sourceTree = "<group>";
		};
		7A18988D225AE64400A72AFF /* AVAudioRecorder */ = {
			isa = PBXGroup;
			children = (
				7A189895225AF3CE00A72AFF /* lame */,
				7A18988E225AE85700A72AFF /* AudioRecorderController.swift */,
				7A189893225AEE1A00A72AFF /* AudioRecorder.swift */,
			);
			path = AVAudioRecorder;
			sourceTree = "<group>";
		};
		7A189890225AED3700A72AFF /* YTSandbox */ = {
			isa = PBXGroup;
			children = (
				7A189891225AED3700A72AFF /* YTSandboxPath.swift */,
			);
			path = YTSandbox;
			sourceTree = "<group>";
		};
		7A189895225AF3CE00A72AFF /* lame */ = {
			isa = PBXGroup;
			children = (
				7A189899225AF45700A72AFF /* LameTool.swift */,
				7A189897225AF3CE00A72AFF /* lame.h */,
				7A189896225AF3CE00A72AFF /* libmp3lame.a */,
			);
			path = lame;
			sourceTree = "<group>";
		};
		7A18989B225AFCED00A72AFF /* AVAudioPlayer */ = {
			isa = PBXGroup;
			children = (
				7A18989C225B1E1E00A72AFF /* AudioPlayer.swift */,
			);
			path = AVAudioPlayer;
			sourceTree = "<group>";
		};
		7A18989E225B34AB00A72AFF /* AVPlayer */ = {
			isa = PBXGroup;
			children = (
				7A1898AC225D9D6B00A72AFF /* AVPlayerViewController.swift */,
				7A1898B0225DA16400A72AFF /* 101.mp4 */,
				7A1898A1225B351500A72AFF /* Control */,
				7A1898A0225B351500A72AFF /* Item */,
				7A1898A2225B351500A72AFF /* Player */,
				7A18989F225B351500A72AFF /* View */,
			);
			path = AVPlayer;
			sourceTree = "<group>";
		};
		7A18989F225B351500A72AFF /* View */ = {
			isa = PBXGroup;
			children = (
				7A1898A9225B357000A72AFF /* SSAVPlayerControlView.swift */,
			);
			path = View;
			sourceTree = "<group>";
		};
		7A1898A0225B351500A72AFF /* Item */ = {
			isa = PBXGroup;
			children = (
				7A1898A5225B355400A72AFF /* SSAVPlayerItem.swift */,
			);
			path = Item;
			sourceTree = "<group>";
		};
		7A1898A1225B351500A72AFF /* Control */ = {
			isa = PBXGroup;
			children = (
				7A1898A7225B356400A72AFF /* SSAVPlayerControl.swift */,
			);
			path = Control;
			sourceTree = "<group>";
		};
		7A1898A2225B351500A72AFF /* Player */ = {
			isa = PBXGroup;
			children = (
				7A1898A3225B354700A72AFF /* SSAVPlayer.swift */,
			);
			path = Player;
			sourceTree = "<group>";
		};
		7A1898B12260256F00A72AFF /* Frameworks */ = {
			isa = PBXGroup;
			children = (
				7A1898B22260256F00A72AFF /* AVFoundation.framework */,
			);
			name = Frameworks;
			sourceTree = "<group>";
		};
/* End PBXGroup section */

/* Begin PBXNativeTarget section */
		7A189877225AE5FB00A72AFF /* AVFoundation_Demo */ = {
			isa = PBXNativeTarget;
			buildConfigurationList = 7A18988A225AE5FE00A72AFF /* Build configuration list for PBXNativeTarget "AVFoundation_Demo" */;
			buildPhases = (
				7A189874225AE5FB00A72AFF /* Sources */,
				7A189875225AE5FB00A72AFF /* Frameworks */,
				7A189876225AE5FB00A72AFF /* Resources */,
			);
			buildRules = (
			);
			dependencies = (
			);
			name = AVFoundation_Demo;
			productName = AVFoundation_Demo;
			productReference = 7A189878225AE5FB00A72AFF /* AVFoundation_Demo.app */;
			productType = "com.apple.product-type.application";
		};
/* End PBXNativeTarget section */

/* Begin PBXProject section */
		7A189870225AE5FB00A72AFF /* Project object */ = {
			isa = PBXProject;
			attributes = {
				LastSwiftUpdateCheck = 1010;
				LastUpgradeCheck = 1010;
				ORGANIZATIONNAME = wheng;
				TargetAttributes = {
					7A189877225AE5FB00A72AFF = {
						CreatedOnToolsVersion = 10.1;
					};
				};
			};
			buildConfigurationList = 7A189873225AE5FB00A72AFF /* Build configuration list for PBXProject "AVFoundation_Demo" */;
			compatibilityVersion = "Xcode 9.3";
			developmentRegion = en;
			hasScannedForEncodings = 0;
			knownRegions = (
				en,
				Base,
			);
			mainGroup = 7A18986F225AE5FB00A72AFF;
			productRefGroup = 7A189879225AE5FB00A72AFF /* Products */;
			projectDirPath = "";
			projectRoot = "";
			targets = (
				7A189877225AE5FB00A72AFF /* AVFoundation_Demo */,
			);
		};
/* End PBXProject section */

/* Begin PBXResourcesBuildPhase section */
		7A189876225AE5FB00A72AFF /* Resources */ = {
			isa = PBXResourcesBuildPhase;
			buildActionMask = 2147483647;
			files = (
				7A189886225AE5FE00A72AFF /* LaunchScreen.storyboard in Resources */,
				7A189883225AE5FE00A72AFF /* Assets.xcassets in Resources */,
				7A189881225AE5FB00A72AFF /* Main.storyboard in Resources */,
			);
			runOnlyForDeploymentPostprocessing = 0;
		};
/* End PBXResourcesBuildPhase section */

/* Begin PBXSourcesBuildPhase section */
		7A189874225AE5FB00A72AFF /* Sources */ = {
			isa = PBXSourcesBuildPhase;
			buildActionMask = 2147483647;
			files = (
				7A18987E225AE5FB00A72AFF /* ViewController.swift in Sources */,
				7A1898A8225B356400A72AFF /* SSAVPlayerControl.swift in Sources */,
				7A1898AA225B357000A72AFF /* SSAVPlayerControlView.swift in Sources */,
				7A18988F225AE85700A72AFF /* AudioRecorderController.swift in Sources */,
				7A1898A6225B355400A72AFF /* SSAVPlayerItem.swift in Sources */,
				7A18989A225AF45700A72AFF /* LameTool.swift in Sources */,
				7A18987C225AE5FB00A72AFF /* AppDelegate.swift in Sources */,
				7A189892225AED3700A72AFF /* YTSandboxPath.swift in Sources */,
				7A1898A4225B354700A72AFF /* SSAVPlayer.swift in Sources */,
				7A189894225AEE1A00A72AFF /* AudioRecorder.swift in Sources */,
				7A1898AD225D9D6B00A72AFF /* AVPlayerViewController.swift in Sources */,
				7A18989D225B1E1E00A72AFF /* AudioPlayer.swift in Sources */,
			);
			runOnlyForDeploymentPostprocessing = 0;
		};
/* End PBXSourcesBuildPhase section */

/* Begin PBXVariantGroup section */
		7A18987F225AE5FB00A72AFF /* Main.storyboard */ = {
			isa = PBXVariantGroup;
			children = (
				7A189880225AE5FB00A72AFF /* Base */,
			);
			name = Main.storyboard;
			sourceTree = "<group>";
		};
		7A189884225AE5FE00A72AFF /* LaunchScreen.storyboard */ = {
			isa = PBXVariantGroup;
			children = (
				7A189885225AE5FE00A72AFF /* Base */,
			);
			name = LaunchScreen.storyboard;
			sourceTree = "<group>";
		};
/* End PBXVariantGroup section */

/* Begin XCBuildConfiguration section */
		7A189888225AE5FE00A72AFF /* Debug */ = {
			isa = XCBuildConfiguration;
			buildSettings = {
				ALWAYS_SEARCH_USER_PATHS = NO;
				CLANG_ANALYZER_NONNULL = YES;
				CLANG_ANALYZER_NUMBER_OBJECT_CONVERSION = YES_AGGRESSIVE;
				CLANG_CXX_LANGUAGE_STANDARD = "gnu++14";
				CLANG_CXX_LIBRARY = "libc++";
				CLANG_ENABLE_MODULES = YES;
				CLANG_ENABLE_OBJC_ARC = YES;
				CLANG_ENABLE_OBJC_WEAK = YES;
				CLANG_WARN_BLOCK_CAPTURE_AUTORELEASING = YES;
				CLANG_WARN_BOOL_CONVERSION = YES;
				CLANG_WARN_COMMA = YES;
				CLANG_WARN_CONSTANT_CONVERSION = YES;
				CLANG_WARN_DEPRECATED_OBJC_IMPLEMENTATIONS = YES;
				CLANG_WARN_DIRECT_OBJC_ISA_USAGE = YES_ERROR;
				CLANG_WARN_DOCUMENTATION_COMMENTS = YES;
				CLANG_WARN_EMPTY_BODY = YES;
				CLANG_WARN_ENUM_CONVERSION = YES;
				CLANG_WARN_INFINITE_RECURSION = YES;
				CLANG_WARN_INT_CONVERSION = YES;
				CLANG_WARN_NON_LITERAL_NULL_CONVERSION = YES;
				CLANG_WARN_OBJC_IMPLICIT_RETAIN_SELF = YES;
				CLANG_WARN_OBJC_LITERAL_CONVERSION = YES;
				CLANG_WARN_OBJC_ROOT_CLASS = YES_ERROR;
				CLANG_WARN_RANGE_LOOP_ANALYSIS = YES;
				CLANG_WARN_STRICT_PROTOTYPES = YES;
				CLANG_WARN_SUSPICIOUS_MOVE = YES;
				CLANG_WARN_UNGUARDED_AVAILABILITY = YES_AGGRESSIVE;
				CLANG_WARN_UNREACHABLE_CODE = YES;
				CLANG_WARN__DUPLICATE_METHOD_MATCH = YES;
				CODE_SIGN_IDENTITY = "iPhone Developer";
				COPY_PHASE_STRIP = NO;
				DEBUG_INFORMATION_FORMAT = dwarf;
				ENABLE_STRICT_OBJC_MSGSEND = YES;
				ENABLE_TESTABILITY = YES;
				GCC_C_LANGUAGE_STANDARD = gnu11;
				GCC_DYNAMIC_NO_PIC = NO;
				GCC_NO_COMMON_BLOCKS = YES;
				GCC_OPTIMIZATION_LEVEL = 0;
				GCC_PREPROCESSOR_DEFINITIONS = (
					"DEBUG=1",
					"$(inherited)",
				);
				GCC_WARN_64_TO_32_BIT_CONVERSION = YES;
				GCC_WARN_ABOUT_RETURN_TYPE = YES_ERROR;
				GCC_WARN_UNDECLARED_SELECTOR = YES;
				GCC_WARN_UNINITIALIZED_AUTOS = YES_AGGRESSIVE;
				GCC_WARN_UNUSED_FUNCTION = YES;
				GCC_WARN_UNUSED_VARIABLE = YES;
				IPHONEOS_DEPLOYMENT_TARGET = 12.1;
				MTL_ENABLE_DEBUG_INFO = INCLUDE_SOURCE;
				MTL_FAST_MATH = YES;
				ONLY_ACTIVE_ARCH = YES;
				SDKROOT = iphoneos;
				SWIFT_ACTIVE_COMPILATION_CONDITIONS = DEBUG;
				SWIFT_OPTIMIZATION_LEVEL = "-Onone";
			};
			name = Debug;
		};
		7A189889225AE5FE00A72AFF /* Release */ = {
			isa = XCBuildConfiguration;
			buildSettings = {
				ALWAYS_SEARCH_USER_PATHS = NO;
				CLANG_ANALYZER_NONNULL = YES;
				CLANG_ANALYZER_NUMBER_OBJECT_CONVERSION = YES_AGGRESSIVE;
				CLANG_CXX_LANGUAGE_STANDARD = "gnu++14";
				CLANG_CXX_LIBRARY = "libc++";
				CLANG_ENABLE_MODULES = YES;
				CLANG_ENABLE_OBJC_ARC = YES;
				CLANG_ENABLE_OBJC_WEAK = YES;
				CLANG_WARN_BLOCK_CAPTURE_AUTORELEASING = YES;
				CLANG_WARN_BOOL_CONVERSION = YES;
				CLANG_WARN_COMMA = YES;
				CLANG_WARN_CONSTANT_CONVERSION = YES;
				CLANG_WARN_DEPRECATED_OBJC_IMPLEMENTATIONS = YES;
				CLANG_WARN_DIRECT_OBJC_ISA_USAGE = YES_ERROR;
				CLANG_WARN_DOCUMENTATION_COMMENTS = YES;
				CLANG_WARN_EMPTY_BODY = YES;
				CLANG_WARN_ENUM_CONVERSION = YES;
				CLANG_WARN_INFINITE_RECURSION = YES;
				CLANG_WARN_INT_CONVERSION = YES;
				CLANG_WARN_NON_LITERAL_NULL_CONVERSION = YES;
				CLANG_WARN_OBJC_IMPLICIT_RETAIN_SELF = YES;
				CLANG_WARN_OBJC_LITERAL_CONVERSION = YES;
				CLANG_WARN_OBJC_ROOT_CLASS = YES_ERROR;
				CLANG_WARN_RANGE_LOOP_ANALYSIS = YES;
				CLANG_WARN_STRICT_PROTOTYPES = YES;
				CLANG_WARN_SUSPICIOUS_MOVE = YES;
				CLANG_WARN_UNGUARDED_AVAILABILITY = YES_AGGRESSIVE;
				CLANG_WARN_UNREACHABLE_CODE = YES;
				CLANG_WARN__DUPLICATE_METHOD_MATCH = YES;
				CODE_SIGN_IDENTITY = "iPhone Developer";
				COPY_PHASE_STRIP = NO;
				DEBUG_INFORMATION_FORMAT = "dwarf-with-dsym";
				ENABLE_NS_ASSERTIONS = NO;
				ENABLE_STRICT_OBJC_MSGSEND = YES;
				GCC_C_LANGUAGE_STANDARD = gnu11;
				GCC_NO_COMMON_BLOCKS = YES;
				GCC_WARN_64_TO_32_BIT_CONVERSION = YES;
				GCC_WARN_ABOUT_RETURN_TYPE = YES_ERROR;
				GCC_WARN_UNDECLARED_SELECTOR = YES;
				GCC_WARN_UNINITIALIZED_AUTOS = YES_AGGRESSIVE;
				GCC_WARN_UNUSED_FUNCTION = YES;
				GCC_WARN_UNUSED_VARIABLE = YES;
				IPHONEOS_DEPLOYMENT_TARGET = 12.1;
				MTL_ENABLE_DEBUG_INFO = NO;
				MTL_FAST_MATH = YES;
				SDKROOT = iphoneos;
				SWIFT_COMPILATION_MODE = wholemodule;
				SWIFT_OPTIMIZATION_LEVEL = "-O";
				VALIDATE_PRODUCT = YES;
			};
			name = Release;
		};
		7A18988B225AE5FE00A72AFF /* Debug */ = {
			isa = XCBuildConfiguration;
			buildSettings = {
				ASSETCATALOG_COMPILER_APPICON_NAME = AppIcon;
				CODE_SIGN_STYLE = Automatic;
				DEVELOPMENT_TEAM = NNWZA9N69A;
				INFOPLIST_FILE = AVFoundation_Demo/Info.plist;
				IPHONEOS_DEPLOYMENT_TARGET = 11.0;
				LD_RUNPATH_SEARCH_PATHS = (
					"$(inherited)",
					"@executable_path/Frameworks",
				);
				LIBRARY_SEARCH_PATHS = (
					"$(inherited)",
					"$(PROJECT_DIR)/AVFoundation_Demo/AVAudioRecorder/lame",
				);
				PRODUCT_BUNDLE_IDENTIFIER = "com.wheng.AVFoundation-Demo";
				PRODUCT_NAME = "$(TARGET_NAME)";
				SWIFT_VERSION = 4.2;
				TARGETED_DEVICE_FAMILY = 1;
			};
			name = Debug;
		};
		7A18988C225AE5FE00A72AFF /* Release */ = {
			isa = XCBuildConfiguration;
			buildSettings = {
				ASSETCATALOG_COMPILER_APPICON_NAME = AppIcon;
				CODE_SIGN_STYLE = Automatic;
				DEVELOPMENT_TEAM = NNWZA9N69A;
				INFOPLIST_FILE = AVFoundation_Demo/Info.plist;
				IPHONEOS_DEPLOYMENT_TARGET = 11.0;
				LD_RUNPATH_SEARCH_PATHS = (
					"$(inherited)",
					"@executable_path/Frameworks",
				);
				LIBRARY_SEARCH_PATHS = (
					"$(inherited)",
					"$(PROJECT_DIR)/AVFoundation_Demo/AVAudioRecorder/lame",
				);
				PRODUCT_BUNDLE_IDENTIFIER = "com.wheng.AVFoundation-Demo";
				PRODUCT_NAME = "$(TARGET_NAME)";
				SWIFT_VERSION = 4.2;
				TARGETED_DEVICE_FAMILY = 1;
			};
			name = Release;
		};
/* End XCBuildConfiguration section */

/* Begin XCConfigurationList section */
		7A189873225AE5FB00A72AFF /* Build configuration list for PBXProject "AVFoundation_Demo" */ = {
			isa = XCConfigurationList;
			buildConfigurations = (
				7A189888225AE5FE00A72AFF /* Debug */,
				7A189889225AE5FE00A72AFF /* Release */,
			);
			defaultConfigurationIsVisible = 0;
			defaultConfigurationName = Release;
		};
		7A18988A225AE5FE00A72AFF /* Build configuration list for PBXNativeTarget "AVFoundation_Demo" */ = {
			isa = XCConfigurationList;
			buildConfigurations = (
				7A18988B225AE5FE00A72AFF /* Debug */,
				7A18988C225AE5FE00A72AFF /* Release */,
			);
			defaultConfigurationIsVisible = 0;
			defaultConfigurationName = Release;
		};
/* End XCConfigurationList section */
	};
	rootObject = 7A189870225AE5FB00A72AFF /* Project object */;
}
